{
  "name": "hyperdrive-cpm",
  "version": "0.1.0",
  "lockfileVersion": 3,
  "requires": true,
  "packages": {
    "": {
      "name": "hyperdrive-cpm",
      "version": "0.1.0",
      "devDependencies": {
        "@jhlagado/debug80-runtime": "git+https://github.com/jhlagado/debug80-runtime.git#0024be1d868473568984fcde5a8323e575e595bf",
        "atom-z80": "git+https://github.com/jhlagado/atom.git#802b5c2d320bec777f427755ff2d7338e3b80a05"
      }
    },
    "node_modules/@jhlagado/debug80-runtime": {
      "version": "0.3.0",
      "resolved": "git+ssh://git@github.com/jhlagado/debug80-runtime.git#0024be1d868473568984fcde5a8323e575e595bf",
      "integrity": "sha512-U/6YechnW6m0nRNLj9UD8ZecE6mzlpOHTCtHpO6rUoMucOUyvDSx/bbltNNC1kMYfR/FBhMkcM1cbCnX5AXu5g==",
      "dev": true,
      "license": "GPL-3.0-or-later",
      "engines": {
        "node": ">=20"
      }
    },
    "node_modules/@jhlagado/z80-tool-services": {
      "version": "0.1.0",
      "resolved": "git+ssh://git@github.com/jhlagado/z80-tool-services.git#6313682d4a9bc3d08d32c11fe054d153ce350720",
      "integrity": "sha512-xZFRnElcQMwXhtmkQI9italR9+RdU8Q9LvjJMXlGjCaMzmrU4uQ/zcmQOKrIgSA0u95QSPXse0/hsO1aJKSAZA==",
      "dev": true,
      "license": "GPL-3.0-or-later",
      "engines": {
        "node": ">=20"
      }
    },
    "node_modules/atom-z80": {
      "version": "0.3.0",
      "resolved": "git+ssh://git@github.com/jhlagado/atom.git#802b5c2d320bec777f427755ff2d7338e3b80a05",
      "integrity": "sha512-IkseL2Xdf8dsnwGL0ewDfnjYaHvklujdcvyQ/vOs2+3mkIFGgsp5O0q77MhTPMvvR3Gkz2A8X+vVCGrOR4030A==",
      "dev": true,
      "license": "GPL-3.0-only",
      "dependencies": {
        "@jhlagado/debug80-runtime": "git+https://github.com/jhlagado/debug80-runtime.git#b7343aa8c38c248abbc6ee801b4af270d4843ad6",
        "@jhlagado/z80-tool-services": "git+https://github.com/jhlagado/z80-tool-services.git#6313682d4a9bc3d08d32c11fe054d153ce350720"
      },
      "bin": {
        "atom": "bin/atom.mjs",
        "azm-to-atom": "bin/azm-to-atom.mjs"
      },
      "engines": {
        "node": ">=20"
      }
    },
    "node_modules/atom-z80/node_modules/@jhlagado/debug80-runtime": {
      "version": "0.3.0",
      "resolved": "git+ssh://git@github.com/jhlagado/debug80-runtime.git#b7343aa8c38c248abbc6ee801b4af270d4843ad6",
      "integrity": "sha512-KgZLD/VMuULx40d9E+RgT9plhAr015SuPPjmRz6tNVMpEqLxfaVmBzw+0IMdoNYf1Dz6uKdyirJ7L/YYR4AgNw==",
      "dev": true,
      "license": "GPL-3.0-or-later",
      "engines": {
        "node": ">=20"
      }
    }
  }
}
